
Microsoft Visual Studio Solution File, Format Version 12.00
# Visual Studio 14
VisualStudioVersion = 14.0.25420.1
MinimumVisualStudioVersion = 10.0.40219.1
Project("{FAE04EC0-301F-11D3-BF4B-00C04F79EFBC}") = "TudoFilmes.Authorization.Api", "TudoFilmes.Authorization.Api\TudoFilmes.Authorization.Api.csproj", "{DB770A83-DFF5-4886-AE80-1E002063611B}"
EndProject
Project("{2150E333-8FDC-42A3-9474-1A3956D46DE8}") = "1 - Presentation", "1 - Presentation", "{37AB1ADC-CE37-47D9-AA32-98828E803E20}"
EndProject
Project("{FAE04EC0-301F-11D3-BF4B-00C04F79EFBC}") = "TudoFilmes.Resource.Api", "TudoFilmes.Resource.Api\TudoFilmes.Resource.Api.csproj", "{B151E18D-CDB0-43B1-B7F2-80F9C822513B}"
EndProject
Project("{2150E333-8FDC-42A3-9474-1A3956D46DE8}") = "2 - Services", "2 - Services", "{98F3053D-BF4D-434D-810C-E3ADE6AB14D0}"
EndProject
Project("{2150E333-8FDC-42A3-9474-1A3956D46DE8}") = "Application", "Application", "{8088B576-0788-4531-8B20-AD4FA9B293A6}"
EndProject
Project("{2150E333-8FDC-42A3-9474-1A3956D46DE8}") = "Domain", "Domain", "{9A906D8A-308C-4BBC-AA58-31524F561DD5}"
EndProject
Project("{2150E333-8FDC-42A3-9474-1A3956D46DE8}") = "Infra", "Infra", "{F28AEE96-3699-44B0-956F-7A4D33ED93A0}"
EndProject
Project("{2150E333-8FDC-42A3-9474-1A3956D46DE8}") = "5.1 - Data", "5.1 - Data", "{42949D95-7CA5-483C-A1D5-FAEC2E824E85}"
EndProject
Project("{2150E333-8FDC-42A3-9474-1A3956D46DE8}") = "5.2 - CrossCutting", "5.2 - CrossCutting", "{08C98499-9404-406E-B94C-9D3525A13195}"
EndProject
Project("{2150E333-8FDC-42A3-9474-1A3956D46DE8}") = "3 - ComplexDomain", "3 - ComplexDomain", "{1291B9A4-62F3-40C7-8C32-10C0DF7E70B7}"
EndProject
Project("{2150E333-8FDC-42A3-9474-1A3956D46DE8}") = "Authorization", "Authorization", "{4A281B4C-77CF-4F76-8B6D-68DC12EE419A}"
EndProject
Project("{2150E333-8FDC-42A3-9474-1A3956D46DE8}") = "Business", "Business", "{91B5237A-F7A0-49BC-A936-AACD75A5A796}"
EndProject
Project("{2150E333-8FDC-42A3-9474-1A3956D46DE8}") = "Application", "Application", "{48C0B77F-AD66-471B-BC8B-517046A1113D}"
EndProject
Project("{2150E333-8FDC-42A3-9474-1A3956D46DE8}") = "Domain", "Domain", "{B1BC03E7-7997-457B-880D-FAE56571486D}"
EndProject
Project("{2150E333-8FDC-42A3-9474-1A3956D46DE8}") = "Infra", "Infra", "{6FEA912A-4548-4FF0-BDDB-B24E192C8EC1}"
EndProject
Project("{FAE04EC0-301F-11D3-BF4B-00C04F79EFBC}") = "TudoFilmes.Authorization.Domain.Tests", "TudoFilmes.Authorization.Domain.Tests\TudoFilmes.Authorization.Domain.Tests.csproj", "{C87E5AC7-0944-4DBD-BB17-837B74714E55}"
EndProject
Project("{FAE04EC0-301F-11D3-BF4B-00C04F79EFBC}") = "TudoFilmes.Authorization.Domain", "TudoFilmes.Authorization.Domain\TudoFilmes.Authorization.Domain.csproj", "{2D5751B5-9390-4742-847D-DCB38B81FA35}"
EndProject
Project("{FAE04EC0-301F-11D3-BF4B-00C04F79EFBC}") = "TudoFilmes.Authorization.Application", "TudoFilmes.Authorization.Application\TudoFilmes.Authorization.Application.csproj", "{FB73410B-611B-4387-8502-280210AF4494}"
EndProject
Project("{FAE04EC0-301F-11D3-BF4B-00C04F79EFBC}") = "TudoFilmes.Authorization.Infra.CrossCutting.IoC", "TudoFilmes.Authorization.Infra.CrossCutting.IoC\TudoFilmes.Authorization.Infra.CrossCutting.IoC.csproj", "{AD68869E-0063-4E7F-BF78-844028A04ED3}"
EndProject
Project("{FAE04EC0-301F-11D3-BF4B-00C04F79EFBC}") = "TudoFilmes.Authorization.Infra.CrossCutting.Identity", "TudoFilmes.Authorization.Infra.CrossCutting.Identity\TudoFilmes.Authorization.Infra.CrossCutting.Identity.csproj", "{9967A7AF-EEB2-4C79-A2AD-1C5DC2D87BFE}"
EndProject
Project("{FAE04EC0-301F-11D3-BF4B-00C04F79EFBC}") = "TudoFilmes.Authorization.Infra.Data", "TudoFilmes.Authorization.Infra.Data\TudoFilmes.Authorization.Infra.Data.csproj", "{B5557D39-026D-4885-9FB2-E2E51A8C5B38}"
EndProject
Project("{FAE04EC0-301F-11D3-BF4B-00C04F79EFBC}") = "TudoFilmes.Domain", "TudoFilmes.Domain\TudoFilmes.Domain.csproj", "{DB995CCA-E4F4-4AD3-9127-A778C43C29E4}"
EndProject
Project("{2150E333-8FDC-42A3-9474-1A3956D46DE8}") = "Tests", "Tests", "{932984A9-86BF-4BAA-8E40-F9AE77D0CD24}"
EndProject
Global
	GlobalSection(SolutionConfigurationPlatforms) = preSolution
		Debug|Any CPU = Debug|Any CPU
		Release|Any CPU = Release|Any CPU
	EndGlobalSection
	GlobalSection(ProjectConfigurationPlatforms) = postSolution
		{DB770A83-DFF5-4886-AE80-1E002063611B}.Debug|Any CPU.ActiveCfg = Debug|Any CPU
		{DB770A83-DFF5-4886-AE80-1E002063611B}.Debug|Any CPU.Build.0 = Debug|Any CPU
		{DB770A83-DFF5-4886-AE80-1E002063611B}.Release|Any CPU.ActiveCfg = Release|Any CPU
		{DB770A83-DFF5-4886-AE80-1E002063611B}.Release|Any CPU.Build.0 = Release|Any CPU
		{B151E18D-CDB0-43B1-B7F2-80F9C822513B}.Debug|Any CPU.ActiveCfg = Debug|Any CPU
		{B151E18D-CDB0-43B1-B7F2-80F9C822513B}.Debug|Any CPU.Build.0 = Debug|Any CPU
		{B151E18D-CDB0-43B1-B7F2-80F9C822513B}.Release|Any CPU.ActiveCfg = Release|Any CPU
		{B151E18D-CDB0-43B1-B7F2-80F9C822513B}.Release|Any CPU.Build.0 = Release|Any CPU
		{C87E5AC7-0944-4DBD-BB17-837B74714E55}.Debug|Any CPU.ActiveCfg = Debug|Any CPU
		{C87E5AC7-0944-4DBD-BB17-837B74714E55}.Debug|Any CPU.Build.0 = Debug|Any CPU
		{C87E5AC7-0944-4DBD-BB17-837B74714E55}.Release|Any CPU.ActiveCfg = Release|Any CPU
		{C87E5AC7-0944-4DBD-BB17-837B74714E55}.Release|Any CPU.Build.0 = Release|Any CPU
		{2D5751B5-9390-4742-847D-DCB38B81FA35}.Debug|Any CPU.ActiveCfg = Debug|Any CPU
		{2D5751B5-9390-4742-847D-DCB38B81FA35}.Debug|Any CPU.Build.0 = Debug|Any CPU
		{2D5751B5-9390-4742-847D-DCB38B81FA35}.Release|Any CPU.ActiveCfg = Release|Any CPU
		{2D5751B5-9390-4742-847D-DCB38B81FA35}.Release|Any CPU.Build.0 = Release|Any CPU
		{FB73410B-611B-4387-8502-280210AF4494}.Debug|Any CPU.ActiveCfg = Debug|Any CPU
		{FB73410B-611B-4387-8502-280210AF4494}.Debug|Any CPU.Build.0 = Debug|Any CPU
		{FB73410B-611B-4387-8502-280210AF4494}.Release|Any CPU.ActiveCfg = Release|Any CPU
		{FB73410B-611B-4387-8502-280210AF4494}.Release|Any CPU.Build.0 = Release|Any CPU
		{AD68869E-0063-4E7F-BF78-844028A04ED3}.Debug|Any CPU.ActiveCfg = Debug|Any CPU
		{AD68869E-0063-4E7F-BF78-844028A04ED3}.Debug|Any CPU.Build.0 = Debug|Any CPU
		{AD68869E-0063-4E7F-BF78-844028A04ED3}.Release|Any CPU.ActiveCfg = Release|Any CPU
		{AD68869E-0063-4E7F-BF78-844028A04ED3}.Release|Any CPU.Build.0 = Release|Any CPU
		{9967A7AF-EEB2-4C79-A2AD-1C5DC2D87BFE}.Debug|Any CPU.ActiveCfg = Debug|Any CPU
		{9967A7AF-EEB2-4C79-A2AD-1C5DC2D87BFE}.Debug|Any CPU.Build.0 = Debug|Any CPU
		{9967A7AF-EEB2-4C79-A2AD-1C5DC2D87BFE}.Release|Any CPU.ActiveCfg = Release|Any CPU
		{9967A7AF-EEB2-4C79-A2AD-1C5DC2D87BFE}.Release|Any CPU.Build.0 = Release|Any CPU
		{B5557D39-026D-4885-9FB2-E2E51A8C5B38}.Debug|Any CPU.ActiveCfg = Debug|Any CPU
		{B5557D39-026D-4885-9FB2-E2E51A8C5B38}.Debug|Any CPU.Build.0 = Debug|Any CPU
		{B5557D39-026D-4885-9FB2-E2E51A8C5B38}.Release|Any CPU.ActiveCfg = Release|Any CPU
		{B5557D39-026D-4885-9FB2-E2E51A8C5B38}.Release|Any CPU.Build.0 = Release|Any CPU
		{DB995CCA-E4F4-4AD3-9127-A778C43C29E4}.Debug|Any CPU.ActiveCfg = Debug|Any CPU
		{DB995CCA-E4F4-4AD3-9127-A778C43C29E4}.Debug|Any CPU.Build.0 = Debug|Any CPU
		{DB995CCA-E4F4-4AD3-9127-A778C43C29E4}.Release|Any CPU.ActiveCfg = Release|Any CPU
		{DB995CCA-E4F4-4AD3-9127-A778C43C29E4}.Release|Any CPU.Build.0 = Release|Any CPU
	EndGlobalSection
	GlobalSection(SolutionProperties) = preSolution
		HideSolutionNode = FALSE
	EndGlobalSection
	GlobalSection(NestedProjects) = preSolution
		{DB770A83-DFF5-4886-AE80-1E002063611B} = {98F3053D-BF4D-434D-810C-E3ADE6AB14D0}
		{B151E18D-CDB0-43B1-B7F2-80F9C822513B} = {98F3053D-BF4D-434D-810C-E3ADE6AB14D0}
		{8088B576-0788-4531-8B20-AD4FA9B293A6} = {4A281B4C-77CF-4F76-8B6D-68DC12EE419A}
		{9A906D8A-308C-4BBC-AA58-31524F561DD5} = {4A281B4C-77CF-4F76-8B6D-68DC12EE419A}
		{F28AEE96-3699-44B0-956F-7A4D33ED93A0} = {4A281B4C-77CF-4F76-8B6D-68DC12EE419A}
		{42949D95-7CA5-483C-A1D5-FAEC2E824E85} = {F28AEE96-3699-44B0-956F-7A4D33ED93A0}
		{08C98499-9404-406E-B94C-9D3525A13195} = {F28AEE96-3699-44B0-956F-7A4D33ED93A0}
		{4A281B4C-77CF-4F76-8B6D-68DC12EE419A} = {1291B9A4-62F3-40C7-8C32-10C0DF7E70B7}
		{91B5237A-F7A0-49BC-A936-AACD75A5A796} = {1291B9A4-62F3-40C7-8C32-10C0DF7E70B7}
		{48C0B77F-AD66-471B-BC8B-517046A1113D} = {91B5237A-F7A0-49BC-A936-AACD75A5A796}
		{B1BC03E7-7997-457B-880D-FAE56571486D} = {91B5237A-F7A0-49BC-A936-AACD75A5A796}
		{6FEA912A-4548-4FF0-BDDB-B24E192C8EC1} = {91B5237A-F7A0-49BC-A936-AACD75A5A796}
		{C87E5AC7-0944-4DBD-BB17-837B74714E55} = {932984A9-86BF-4BAA-8E40-F9AE77D0CD24}
		{2D5751B5-9390-4742-847D-DCB38B81FA35} = {9A906D8A-308C-4BBC-AA58-31524F561DD5}
		{FB73410B-611B-4387-8502-280210AF4494} = {8088B576-0788-4531-8B20-AD4FA9B293A6}
		{AD68869E-0063-4E7F-BF78-844028A04ED3} = {08C98499-9404-406E-B94C-9D3525A13195}
		{9967A7AF-EEB2-4C79-A2AD-1C5DC2D87BFE} = {08C98499-9404-406E-B94C-9D3525A13195}
		{B5557D39-026D-4885-9FB2-E2E51A8C5B38} = {42949D95-7CA5-483C-A1D5-FAEC2E824E85}
		{DB995CCA-E4F4-4AD3-9127-A778C43C29E4} = {B1BC03E7-7997-457B-880D-FAE56571486D}
		{932984A9-86BF-4BAA-8E40-F9AE77D0CD24} = {4A281B4C-77CF-4F76-8B6D-68DC12EE419A}
	EndGlobalSection
EndGlobal
